
Microsoft Visual Studio Solution File, Format Version 12.00
# Visual Studio 2012
Project("{E24C65DC-7377-472B-9ABA-BC803B73C61A}") = "RadPanel", ".", "{B4FC1C63-2F0B-4579-8610-52B462AA21EE}"
	ProjectSection(WebsiteProperties) = preProject
		TargetFrameworkMoniker = ".NETFramework,Version%3Dv4.0"
		Debug.AspNetCompiler.VirtualPath = "/RadPanel"
		Debug.AspNetCompiler.PhysicalPath = "..\..\..\..\..\..\RadPanel\"
		Debug.AspNetCompiler.TargetPath = "PrecompiledWeb\RadPanel\"
		Debug.AspNetCompiler.Updateable = "true"
		Debug.AspNetCompiler.ForceOverwrite = "true"
		Debug.AspNetCompiler.FixedNames = "false"
		Debug.AspNetCompiler.Debug = "True"
		Release.AspNetCompiler.VirtualPath = "/RadPanel"
		Release.AspNetCompiler.PhysicalPath = "..\..\..\..\..\..\RadPanel\"
		Release.AspNetCompiler.TargetPath = "PrecompiledWeb\RadPanel\"
		Release.AspNetCompiler.Updateable = "true"
		Release.AspNetCompiler.ForceOverwrite = "true"
		Release.AspNetCompiler.FixedNames = "false"
		Release.AspNetCompiler.Debug = "False"
		VWDPort = "64047"
	EndProjectSection
EndProject
Global
	GlobalSection(SolutionConfigurationPlatforms) = preSolution
		Debug|Any CPU = Debug|Any CPU
	EndGlobalSection
	GlobalSection(ProjectConfigurationPlatforms) = postSolution
		{B4FC1C63-2F0B-4579-8610-52B462AA21EE}.Debug|Any CPU.ActiveCfg = Debug|Any CPU
		{B4FC1C63-2F0B-4579-8610-52B462AA21EE}.Debug|Any CPU.Build.0 = Debug|Any CPU
	EndGlobalSection
	GlobalSection(SolutionProperties) = preSolution
		HideSolutionNode = FALSE
	EndGlobalSection
EndGlobal
